
Microsoft Visual Studio Solution File, Format Version 12.00
# Visual Studio Version 16
VisualStudioVersion = 16.0.31025.194
MinimumVisualStudioVersion = 10.0.40219.1
Project("{FAE04EC0-301F-11D3-BF4B-00C04F79EFBC}") = "ShoppingCart", "ShoppingCart\ShoppingCart.csproj", "{D72E6F06-2196-4DCA-902F-D6966B069AF6}"
EndProject
Project("{FAE04EC0-301F-11D3-BF4B-00C04F79EFBC}") = "ShoppingCart.Data", "ShoppingCart.Data\ShoppingCart.Data.csproj", "{7113872B-69F2-4544-BD15-3D78CB819E02}"
EndProject
Project("{FAE04EC0-301F-11D3-BF4B-00C04F79EFBC}") = "ShoppingCart.Services", "ShoppingCart.Services\ShoppingCart.Services.csproj", "{A6A89FD9-F6C6-4B69-95AC-5CC6C459D658}"
EndProject
Global
	GlobalSection(SolutionConfigurationPlatforms) = preSolution
		Debug|Any CPU = Debug|Any CPU
		Release|Any CPU = Release|Any CPU
	EndGlobalSection
	GlobalSection(ProjectConfigurationPlatforms) = postSolution
		{D72E6F06-2196-4DCA-902F-D6966B069AF6}.Debug|Any CPU.ActiveCfg = Debug|Any CPU
		{D72E6F06-2196-4DCA-902F-D6966B069AF6}.Debug|Any CPU.Build.0 = Debug|Any CPU
		{D72E6F06-2196-4DCA-902F-D6966B069AF6}.Release|Any CPU.ActiveCfg = Release|Any CPU
		{D72E6F06-2196-4DCA-902F-D6966B069AF6}.Release|Any CPU.Build.0 = Release|Any CPU
		{7113872B-69F2-4544-BD15-3D78CB819E02}.Debug|Any CPU.ActiveCfg = Debug|Any CPU
		{7113872B-69F2-4544-BD15-3D78CB819E02}.Debug|Any CPU.Build.0 = Debug|Any CPU
		{7113872B-69F2-4544-BD15-3D78CB819E02}.Release|Any CPU.ActiveCfg = Release|Any CPU
		{7113872B-69F2-4544-BD15-3D78CB819E02}.Release|Any CPU.Build.0 = Release|Any CPU
		{A6A89FD9-F6C6-4B69-95AC-5CC6C459D658}.Debug|Any CPU.ActiveCfg = Debug|Any CPU
		{A6A89FD9-F6C6-4B69-95AC-5CC6C459D658}.Debug|Any CPU.Build.0 = Debug|Any CPU
		{A6A89FD9-F6C6-4B69-95AC-5CC6C459D658}.Release|Any CPU.ActiveCfg = Release|Any CPU
		{A6A89FD9-F6C6-4B69-95AC-5CC6C459D658}.Release|Any CPU.Build.0 = Release|Any CPU
	EndGlobalSection
	GlobalSection(SolutionProperties) = preSolution
		HideSolutionNode = FALSE
	EndGlobalSection
	GlobalSection(ExtensibilityGlobals) = postSolution
		SolutionGuid = {4EAE8924-C72A-4C18-960A-2E06EE4AFB61}
	EndGlobalSection
EndGlobal
